// !$*UTF8*$!
{
	archiveVersion = 1;
	classes = {
	};
	objectVersion = 46;
	objects = {

/* Begin PBXBuildFile section */
		FB906E5F1BDB2F2900F74F45 /* main.m in Sources */ = {isa = PBXBuildFile; fileRef = FB906E5E1BDB2F2900F74F45 /* main.m */; };
		FB906E621BDB2F2900F74F45 /* AppDelegate.m in Sources */ = {isa = PBXBuildFile; fileRef = FB906E611BDB2F2900F74F45 /* AppDelegate.m */; };
		FB906E641BDB2F2900F74F45 /* Assets.xcassets in Resources */ = {isa = PBXBuildFile; fileRef = FB906E631BDB2F2900F74F45 /* Assets.xcassets */; };
		FB906E671BDB2F2900F74F45 /* LaunchScreen.storyboard in Resources */ = {isa = PBXBuildFile; fileRef = FB906E651BDB2F2900F74F45 /* LaunchScreen.storyboard */; };
		FB906E721BDB2F2900F74F45 /* FirstViewsNoStoryboardUITests.m in Sources */ = {isa = PBXBuildFile; fileRef = FB906E711BDB2F2900F74F45 /* FirstViewsNoStoryboardUITests.m */; };
/* End PBXBuildFile section */

/* Begin PBXContainerItemProxy section */
		FB906E6E1BDB2F2900F74F45 /* PBXContainerItemProxy */ = {
			isa = PBXContainerItemProxy;
			containerPortal = FB906E521BDB2F2900F74F45 /* Project object */;
			proxyType = 1;
			remoteGlobalIDString = FB906E591BDB2F2900F74F45;
			remoteInfo = FirstViewsNoStoryboard;
		};
/* End PBXContainerItemProxy section */

/* Begin PBXFileReference section */
		FB906E5A1BDB2F2900F74F45 /* FirstViewsNoStoryboard.app */ = {isa = PBXFileReference; explicitFileType = wrapper.application; includeInIndex = 0; path = FirstViewsNoStoryboard.app; sourceTree = BUILT_PRODUCTS_DIR; };
		FB906E5E1BDB2F2900F74F45 /* main.m */ = {isa = PBXFileReference; lastKnownFileType = sourcecode.c.objc; path = main.m; sourceTree = "<group>"; };
		FB906E601BDB2F2900F74F45 /* AppDelegate.h */ = {isa = PBXFileReference; lastKnownFileType = sourcecode.c.h; path = AppDelegate.h; sourceTree = "<group>"; };
		FB906E611BDB2F2900F74F45 /* AppDelegate.m */ = {isa = PBXFileReference; lastKnownFileType = sourcecode.c.objc; path = AppDelegate.m; sourceTree = "<group>"; };
		FB906E631BDB2F2900F74F45 /* Assets.xcassets */ = {isa = PBXFileReference; lastKnownFileType = folder.assetcatalog; path = Assets.xcassets; sourceTree = "<group>"; };
		FB906E661BDB2F2900F74F45 /* Base */ = {isa = PBXFileReference; lastKnownFileType = file.storyboard; name = Base; path = Base.lproj/LaunchScreen.storyboard; sourceTree = "<group>"; };
		FB906E681BDB2F2900F74F45 /* Info.plist */ = {isa = PBXFileReference; lastKnownFileType = text.plist.xml; path = Info.plist; sourceTree = "<group>"; };
		FB906E6D1BDB2F2900F74F45 /* FirstViewsNoStoryboardUITests.xctest */ = {isa = PBXFileReference; explicitFileType = wrapper.cfbundle; includeInIndex = 0; path = FirstViewsNoStoryboardUITests.xctest; sourceTree = BUILT_PRODUCTS_DIR; };
		FB906E711BDB2F2900F74F45 /* FirstViewsNoStoryboardUITests.m */ = {isa = PBXFileReference; lastKnownFileType = sourcecode.c.objc; path = FirstViewsNoStoryboardUITests.m; sourceTree = "<group>"; };
		FB906E731BDB2F2900F74F45 /* Info.plist */ = {isa = PBXFileReference; lastKnownFileType = text.plist.xml; path = Info.plist; sourceTree = "<group>"; };
/* End PBXFileReference section */

/* Begin PBXFrameworksBuildPhase section */
		FB906E571BDB2F2900F74F45 /* Frameworks */ = {
			isa = PBXFrameworksBuildPhase;
			buildActionMask = 2147483647;
			files = (
			);
			runOnlyForDeploymentPostprocessing = 0;
		};
		FB906E6A1BDB2F2900F74F45 /* Frameworks */ = {
			isa = PBXFrameworksBuildPhase;
			buildActionMask = 2147483647;
			files = (
			);
			runOnlyForDeploymentPostprocessing = 0;
		};
/* End PBXFrameworksBuildPhase section */

/* Begin PBXGroup section */
		FB906E511BDB2F2900F74F45 = {
			isa = PBXGroup;
			children = (
				FB906E5C1BDB2F2900F74F45 /* FirstViewsNoStoryboard */,
				FB906E701BDB2F2900F74F45 /* FirstViewsNoStoryboardUITests */,
				FB906E5B1BDB2F2900F74F45 /* Products */,
			);
			sourceTree = "<group>";
		};
		FB906E5B1BDB2F2900F74F45 /* Products */ = {
			isa = PBXGroup;
			children = (
				FB906E5A1BDB2F2900F74F45 /* FirstViewsNoStoryboard.app */,
				FB906E6D1BDB2F2900F74F45 /* FirstViewsNoStoryboardUITests.xctest */,
			);
			name = Products;
			sourceTree = "<group>";
		};
		FB906E5C1BDB2F2900F74F45 /* FirstViewsNoStoryboard */ = {
			isa = PBXGroup;
			children = (
				FB906E601BDB2F2900F74F45 /* AppDelegate.h */,
				FB906E611BDB2F2900F74F45 /* AppDelegate.m */,
				FB906E631BDB2F2900F74F45 /* Assets.xcassets */,
				FB906E651BDB2F2900F74F45 /* LaunchScreen.storyboard */,
				FB906E681BDB2F2900F74F45 /* Info.plist */,
				FB906E5D1BDB2F2900F74F45 /* Supporting Files */,
			);
			path = FirstViewsNoStoryboard;
			sourceTree = "<group>";
		};
		FB906E5D1BDB2F2900F74F45 /* Supporting Files */ = {
			isa = PBXGroup;
			children = (
				FB906E5E1BDB2F2900F74F45 /* main.m */,
			);
			name = "Supporting Files";
			sourceTree = "<group>";
		};
		FB906E701BDB2F2900F74F45 /* FirstViewsNoStoryboardUITests */ = {
			isa = PBXGroup;
			children = (
				FB906E711BDB2F2900F74F45 /* FirstViewsNoStoryboardUITests.m */,
				FB906E731BDB2F2900F74F45 /* Info.plist */,
			);
			path = FirstViewsNoStoryboardUITests;
			sourceTree = "<group>";
		};
/* End PBXGroup section */

/* Begin PBXNativeTarget section */
		FB906E591BDB2F2900F74F45 /* FirstViewsNoStoryboard */ = {
			isa = PBXNativeTarget;
			buildConfigurationList = FB906E761BDB2F2900F74F45 /* Build configuration list for PBXNativeTarget "FirstViewsNoStoryboard" */;
			buildPhases = (
				FB906E561BDB2F2900F74F45 /* Sources */,
				FB906E571BDB2F2900F74F45 /* Frameworks */,
				FB906E581BDB2F2900F74F45 /* Resources */,
			);
			buildRules = (
			);
			dependencies = (
			);
			name = FirstViewsNoStoryboard;
			productName = FirstViewsNoStoryboard;
			productReference = FB906E5A1BDB2F2900F74F45 /* FirstViewsNoStoryboard.app */;
			productType = "com.apple.product-type.application";
		};
		FB906E6C1BDB2F2900F74F45 /* FirstViewsNoStoryboardUITests */ = {
			isa = PBXNativeTarget;
			buildConfigurationList = FB906E791BDB2F2900F74F45 /* Build configuration list for PBXNativeTarget "FirstViewsNoStoryboardUITests" */;
			buildPhases = (
				FB906E691BDB2F2900F74F45 /* Sources */,
				FB906E6A1BDB2F2900F74F45 /* Frameworks */,
				FB906E6B1BDB2F2900F74F45 /* Resources */,
			);
			buildRules = (
			);
			dependencies = (
				FB906E6F1BDB2F2900F74F45 /* PBXTargetDependency */,
			);
			name = FirstViewsNoStoryboardUITests;
			productName = FirstViewsNoStoryboardUITests;
			productReference = FB906E6D1BDB2F2900F74F45 /* FirstViewsNoStoryboardUITests.xctest */;
			productType = "com.apple.product-type.bundle.ui-testing";
		};
/* End PBXNativeTarget section */

/* Begin PBXProject section */
		FB906E521BDB2F2900F74F45 /* Project object */ = {
			isa = PBXProject;
			attributes = {
				LastUpgradeCheck = 0710;
				ORGANIZATIONNAME = "Damian Esteban";
				TargetAttributes = {
					FB906E591BDB2F2900F74F45 = {
						CreatedOnToolsVersion = 7.1;
					};
					FB906E6C1BDB2F2900F74F45 = {
						CreatedOnToolsVersion = 7.1;
						TestTargetID = FB906E591BDB2F2900F74F45;
					};
				};
			};
			buildConfigurationList = FB906E551BDB2F2900F74F45 /* Build configuration list for PBXProject "FirstViewsNoStoryboard" */;
			compatibilityVersion = "Xcode 3.2";
			developmentRegion = English;
			hasScannedForEncodings = 0;
			knownRegions = (
				en,
				Base,
			);
			mainGroup = FB906E511BDB2F2900F74F45;
			productRefGroup = FB906E5B1BDB2F2900F74F45 /* Products */;
			projectDirPath = "";
			projectRoot = "";
			targets = (
				FB906E591BDB2F2900F74F45 /* FirstViewsNoStoryboard */,
				FB906E6C1BDB2F2900F74F45 /* FirstViewsNoStoryboardUITests */,
			);
		};
/* End PBXProject section */

/* Begin PBXResourcesBuildPhase section */
		FB906E581BDB2F2900F74F45 /* Resources */ = {
			isa = PBXResourcesBuildPhase;
			buildActionMask = 2147483647;
			files = (
				FB906E641BDB2F2900F74F45 /* Assets.xcassets in Resources */,
				FB906E671BDB2F2900F74F45 /* LaunchScreen.storyboard in Resources */,
			);
			runOnlyForDeploymentPostprocessing = 0;
		};
		FB906E6B1BDB2F2900F74F45 /* Resources */ = {
			isa = PBXResourcesBuildPhase;
			buildActionMask = 2147483647;
			files = (
			);
			runOnlyForDeploymentPostprocessing = 0;
		};
/* End PBXResourcesBuildPhase section */

/* Begin PBXSourcesBuildPhase section */
		FB906E561BDB2F2900F74F45 /* Sources */ = {
			isa = PBXSourcesBuildPhase;
			buildActionMask = 2147483647;
			files = (
				FB906E621BDB2F2900F74F45 /* AppDelegate.m in Sources */,
				FB906E5F1BDB2F2900F74F45 /* main.m in Sources */,
			);
			runOnlyForDeploymentPostprocessing = 0;
		};
		FB906E691BDB2F2900F74F45 /* Sources */ = {
			isa = PBXSourcesBuildPhase;
			buildActionMask = 2147483647;
			files = (
				FB906E721BDB2F2900F74F45 /* FirstViewsNoStoryboardUITests.m in Sources */,
			);
			runOnlyForDeploymentPostprocessing = 0;
		};
/* End PBXSourcesBuildPhase section */

/* Begin PBXTargetDependency section */
		FB906E6F1BDB2F2900F74F45 /* PBXTargetDependency */ = {
			isa = PBXTargetDependency;
			target = FB906E591BDB2F2900F74F45 /* FirstViewsNoStoryboard */;
			targetProxy = FB906E6E1BDB2F2900F74F45 /* PBXContainerItemProxy */;
		};
/* End PBXTargetDependency section */

/* Begin PBXVariantGroup section */
		FB906E651BDB2F2900F74F45 /* LaunchScreen.storyboard */ = {
			isa = PBXVariantGroup;
			children = (
				FB906E661BDB2F2900F74F45 /* Base */,
			);
			name = LaunchScreen.storyboard;
			sourceTree = "<group>";
		};
/* End PBXVariantGroup section */

/* Begin XCBuildConfiguration section */
		FB906E741BDB2F2900F74F45 /* Debug */ = {
			isa = XCBuildConfiguration;
			buildSettings = {
				ALWAYS_SEARCH_USER_PATHS = NO;
				CLANG_CXX_LANGUAGE_STANDARD = "gnu++0x";
				CLANG_CXX_LIBRARY = "libc++";
				CLANG_ENABLE_MODULES = YES;
				CLANG_ENABLE_OBJC_ARC = YES;
				CLANG_WARN_BOOL_CONVERSION = YES;
				CLANG_WARN_CONSTANT_CONVERSION = YES;
				CLANG_WARN_DIRECT_OBJC_ISA_USAGE = YES_ERROR;
				CLANG_WARN_EMPTY_BODY = YES;
				CLANG_WARN_ENUM_CONVERSION = YES;
				CLANG_WARN_INT_CONVERSION = YES;
				CLANG_WARN_OBJC_ROOT_CLASS = YES_ERROR;
				CLANG_WARN_UNREACHABLE_CODE = YES;
				CLANG_WARN__DUPLICATE_METHOD_MATCH = YES;
				"CODE_SIGN_IDENTITY[sdk=iphoneos*]" = "iPhone Developer";
				COPY_PHASE_STRIP = NO;
				DEBUG_INFORMATION_FORMAT = dwarf;
				ENABLE_STRICT_OBJC_MSGSEND = YES;
				ENABLE_TESTABILITY = YES;
				GCC_C_LANGUAGE_STANDARD = gnu99;
				GCC_DYNAMIC_NO_PIC = NO;
				GCC_NO_COMMON_BLOCKS = YES;
				GCC_OPTIMIZATION_LEVEL = 0;
				GCC_PREPROCESSOR_DEFINITIONS = (
					"DEBUG=1",
					"$(inherited)",
				);
				GCC_WARN_64_TO_32_BIT_CONVERSION = YES;
				GCC_WARN_ABOUT_RETURN_TYPE = YES_ERROR;
				GCC_WARN_UNDECLARED_SELECTOR = YES;
				GCC_WARN_UNINITIALIZED_AUTOS = YES_AGGRESSIVE;
				GCC_WARN_UNUSED_FUNCTION = YES;
				GCC_WARN_UNUSED_VARIABLE = YES;
				IPHONEOS_DEPLOYMENT_TARGET = 9.1;
				MTL_ENABLE_DEBUG_INFO = YES;
				ONLY_ACTIVE_ARCH = YES;
				SDKROOT = iphoneos;
				TARGETED_DEVICE_FAMILY = "1,2";
			};
			name = Debug;
		};
		FB906E751BDB2F2900F74F45 /* Release */ = {
			isa = XCBuildConfiguration;
			buildSettings = {
				ALWAYS_SEARCH_USER_PATHS = NO;
				CLANG_CXX_LANGUAGE_STANDARD = "gnu++0x";
				CLANG_CXX_LIBRARY = "libc++";
				CLANG_ENABLE_MODULES = YES;
				CLANG_ENABLE_OBJC_ARC = YES;
				CLANG_WARN_BOOL_CONVERSION = YES;
				CLANG_WARN_CONSTANT_CONVERSION = YES;
				CLANG_WARN_DIRECT_OBJC_ISA_USAGE = YES_ERROR;
				CLANG_WARN_EMPTY_BODY = YES;
				CLANG_WARN_ENUM_CONVERSION = YES;
				CLANG_WARN_INT_CONVERSION = YES;
				CLANG_WARN_OBJC_ROOT_CLASS = YES_ERROR;
				CLANG_WARN_UNREACHABLE_CODE = YES;
				CLANG_WARN__DUPLICATE_METHOD_MATCH = YES;
				"CODE_SIGN_IDENTITY[sdk=iphoneos*]" = "iPhone Developer";
				COPY_PHASE_STRIP = NO;
				DEBUG_INFORMATION_FORMAT = "dwarf-with-dsym";
				ENABLE_NS_ASSERTIONS = NO;
				ENABLE_STRICT_OBJC_MSGSEND = YES;
				GCC_C_LANGUAGE_STANDARD = gnu99;
				GCC_NO_COMMON_BLOCKS = YES;
				GCC_WARN_64_TO_32_BIT_CONVERSION = YES;
				GCC_WARN_ABOUT_RETURN_TYPE = YES_ERROR;
				GCC_WARN_UNDECLARED_SELECTOR = YES;
				GCC_WARN_UNINITIALIZED_AUTOS = YES_AGGRESSIVE;
				GCC_WARN_UNUSED_FUNCTION = YES;
				GCC_WARN_UNUSED_VARIABLE = YES;
				IPHONEOS_DEPLOYMENT_TARGET = 9.1;
				MTL_ENABLE_DEBUG_INFO = NO;
				SDKROOT = iphoneos;
				TARGETED_DEVICE_FAMILY = "1,2";
				VALIDATE_PRODUCT = YES;
			};
			name = Release;
		};
		FB906E771BDB2F2900F74F45 /* Debug */ = {
			isa = XCBuildConfiguration;
			buildSettings = {
				ASSETCATALOG_COMPILER_APPICON_NAME = AppIcon;
				INFOPLIST_FILE = FirstViewsNoStoryboard/Info.plist;
				LD_RUNPATH_SEARCH_PATHS = "$(inherited) @executable_path/Frameworks";
				PRODUCT_BUNDLE_IDENTIFIER = com.damianesteban.FirstViewsNoStoryboard;
				PRODUCT_NAME = "$(TARGET_NAME)";
			};
			name = Debug;
		};
		FB906E781BDB2F2900F74F45 /* Release */ = {
			isa = XCBuildConfiguration;
			buildSettings = {
				ASSETCATALOG_COMPILER_APPICON_NAME = AppIcon;
				INFOPLIST_FILE = FirstViewsNoStoryboard/Info.plist;
				LD_RUNPATH_SEARCH_PATHS = "$(inherited) @executable_path/Frameworks";
				PRODUCT_BUNDLE_IDENTIFIER = com.damianesteban.FirstViewsNoStoryboard;
				PRODUCT_NAME = "$(TARGET_NAME)";
			};
			name = Release;
		};
		FB906E7A1BDB2F2900F74F45 /* Debug */ = {
			isa = XCBuildConfiguration;
			buildSettings = {
				INFOPLIST_FILE = FirstViewsNoStoryboardUITests/Info.plist;
				LD_RUNPATH_SEARCH_PATHS = "$(inherited) @executable_path/Frameworks @loader_path/Frameworks";
				PRODUCT_BUNDLE_IDENTIFIER = com.damianesteban.FirstViewsNoStoryboardUITests;
				PRODUCT_NAME = "$(TARGET_NAME)";
				TEST_TARGET_NAME = FirstViewsNoStoryboard;
				USES_XCTRUNNER = YES;
			};
			name = Debug;
		};
		FB906E7B1BDB2F2900F74F45 /* Release */ = {
			isa = XCBuildConfiguration;
			buildSettings = {
				INFOPLIST_FILE = FirstViewsNoStoryboardUITests/Info.plist;
				LD_RUNPATH_SEARCH_PATHS = "$(inherited) @executable_path/Frameworks @loader_path/Frameworks";
				PRODUCT_BUNDLE_IDENTIFIER = com.damianesteban.FirstViewsNoStoryboardUITests;
				PRODUCT_NAME = "$(TARGET_NAME)";
				TEST_TARGET_NAME = FirstViewsNoStoryboard;
				USES_XCTRUNNER = YES;
			};
			name = Release;
		};
/* End XCBuildConfiguration section */

/* Begin XCConfigurationList section */
		FB906E551BDB2F2900F74F45 /* Build configuration list for PBXProject "FirstViewsNoStoryboard" */ = {
			isa = XCConfigurationList;
			buildConfigurations = (
				FB906E741BDB2F2900F74F45 /* Debug */,
				FB906E751BDB2F2900F74F45 /* Release */,
			);
			defaultConfigurationIsVisible = 0;
			defaultConfigurationName = Release;
		};
		FB906E761BDB2F2900F74F45 /* Build configuration list for PBXNativeTarget "FirstViewsNoStoryboard" */ = {
			isa = XCConfigurationList;
			buildConfigurations = (
				FB906E771BDB2F2900F74F45 /* Debug */,
				FB906E781BDB2F2900F74F45 /* Release */,
			);
			defaultConfigurationIsVisible = 0;
		};
		FB906E791BDB2F2900F74F45 /* Build configuration list for PBXNativeTarget "FirstViewsNoStoryboardUITests" */ = {
			isa = XCConfigurationList;
			buildConfigurations = (
				FB906E7A1BDB2F2900F74F45 /* Debug */,
				FB906E7B1BDB2F2900F74F45 /* Release */,
			);
			defaultConfigurationIsVisible = 0;
		};
/* End XCConfigurationList section */
	};
	rootObject = FB906E521BDB2F2900F74F45 /* Project object */;
}
